// !$*UTF8*$!
{
	archiveVersion = 1;
	classes = {
	};
	objectVersion = 53;
	objects = {

/* Begin PBXBuildFile section */
		041D4B5429CB800100C3F2BA /* GoalGetterApp.swift in Sources */ = {isa = PBXBuildFile; fileRef = 041D4B5329CB800100C3F2BA /* GoalGetterApp.swift */; };
		041D4B5829CB800200C3F2BA /* Assets.xcassets in Resources */ = {isa = PBXBuildFile; fileRef = 041D4B5729CB800200C3F2BA /* Assets.xcassets */; };
		041D4B5B29CB800200C3F2BA /* Preview Assets.xcassets in Resources */ = {isa = PBXBuildFile; fileRef = 041D4B5A29CB800200C3F2BA /* Preview Assets.xcassets */; };
		041D4B6629CB818F00C3F2BA /* ListView.swift in Sources */ = {isa = PBXBuildFile; fileRef = 041D4B6529CB818F00C3F2BA /* ListView.swift */; };
		041D4B6829CB844B00C3F2BA /* ListRowView.swift in Sources */ = {isa = PBXBuildFile; fileRef = 041D4B6729CB844B00C3F2BA /* ListRowView.swift */; };
		041D4B6A29CB881D00C3F2BA /* AddView.swift in Sources */ = {isa = PBXBuildFile; fileRef = 041D4B6929CB881D00C3F2BA /* AddView.swift */; };
		041D4B6D29CB93A200C3F2BA /* ItemModel.swift in Sources */ = {isa = PBXBuildFile; fileRef = 041D4B6C29CB93A200C3F2BA /* ItemModel.swift */; };
		041D4B7029CB9A9600C3F2BA /* ListViewModel.swift in Sources */ = {isa = PBXBuildFile; fileRef = 041D4B6F29CB9A9600C3F2BA /* ListViewModel.swift */; };
		043A8A4129CBCC7E003B2F5A /* NoItemsView.swift in Sources */ = {isa = PBXBuildFile; fileRef = 043A8A4029CBCC7E003B2F5A /* NoItemsView.swift */; };
		043A8A4529CBD60B003B2F5A /* LaunchScreen.storyboard in Resources */ = {isa = PBXBuildFile; fileRef = 043A8A4429CBD60B003B2F5A /* LaunchScreen.storyboard */; };
/* End PBXBuildFile section */

/* Begin PBXFileReference section */
		041D4B5029CB800100C3F2BA /* GoalGetter.app */ = {isa = PBXFileReference; explicitFileType = wrapper.application; includeInIndex = 0; path = GoalGetter.app; sourceTree = BUILT_PRODUCTS_DIR; };
		041D4B5329CB800100C3F2BA /* GoalGetterApp.swift */ = {isa = PBXFileReference; lastKnownFileType = sourcecode.swift; path = GoalGetterApp.swift; sourceTree = "<group>"; };
		041D4B5729CB800200C3F2BA /* Assets.xcassets */ = {isa = PBXFileReference; lastKnownFileType = folder.assetcatalog; path = Assets.xcassets; sourceTree = "<group>"; };
		041D4B5A29CB800200C3F2BA /* Preview Assets.xcassets */ = {isa = PBXFileReference; lastKnownFileType = folder.assetcatalog; path = "Preview Assets.xcassets"; sourceTree = "<group>"; };
		041D4B6529CB818F00C3F2BA /* ListView.swift */ = {isa = PBXFileReference; lastKnownFileType = sourcecode.swift; path = ListView.swift; sourceTree = "<group>"; };
		041D4B6729CB844B00C3F2BA /* ListRowView.swift */ = {isa = PBXFileReference; lastKnownFileType = sourcecode.swift; path = ListRowView.swift; sourceTree = "<group>"; };
		041D4B6929CB881D00C3F2BA /* AddView.swift */ = {isa = PBXFileReference; lastKnownFileType = sourcecode.swift; path = AddView.swift; sourceTree = "<group>"; };
		041D4B6C29CB93A200C3F2BA /* ItemModel.swift */ = {isa = PBXFileReference; lastKnownFileType = sourcecode.swift; path = ItemModel.swift; sourceTree = "<group>"; };
		041D4B6F29CB9A9600C3F2BA /* ListViewModel.swift */ = {isa = PBXFileReference; lastKnownFileType = sourcecode.swift; path = ListViewModel.swift; sourceTree = "<group>"; };
		043A8A4029CBCC7E003B2F5A /* NoItemsView.swift */ = {isa = PBXFileReference; lastKnownFileType = sourcecode.swift; path = NoItemsView.swift; sourceTree = "<group>"; };
		043A8A4429CBD60B003B2F5A /* LaunchScreen.storyboard */ = {isa = PBXFileReference; lastKnownFileType = file.storyboard; path = LaunchScreen.storyboard; sourceTree = "<group>"; };
/* End PBXFileReference section */

/* Begin PBXFrameworksBuildPhase section */
		041D4B4D29CB800100C3F2BA /* Frameworks */ = {
			isa = PBXFrameworksBuildPhase;
			buildActionMask = 2147483647;
			files = (
			);
			runOnlyForDeploymentPostprocessing = 0;
		};
/* End PBXFrameworksBuildPhase section */

/* Begin PBXGroup section */
		041D4B4729CB800100C3F2BA = {
			isa = PBXGroup;
			children = (
				041D4B5229CB800100C3F2BA /* GoalGetter */,
				041D4B5129CB800100C3F2BA /* Products */,
			);
			sourceTree = "<group>";
		};
		041D4B5129CB800100C3F2BA /* Products */ = {
			isa = PBXGroup;
			children = (
				041D4B5029CB800100C3F2BA /* GoalGetter.app */,
			);
			name = Products;
			sourceTree = "<group>";
		};
		041D4B5229CB800100C3F2BA /* GoalGetter */ = {
			isa = PBXGroup;
			children = (
				041D4B5329CB800100C3F2BA /* GoalGetterApp.swift */,
				041D4B6B29CB937C00C3F2BA /* Models */,
				041D4B6E29CB9A1000C3F2BA /* ViewModels */,
				041D4B6429CB817C00C3F2BA /* Views */,
				041D4B5729CB800200C3F2BA /* Assets.xcassets */,
				041D4B5929CB800200C3F2BA /* Preview Content */,
			);
			path = GoalGetter;
			sourceTree = "<group>";
		};
		041D4B5929CB800200C3F2BA /* Preview Content */ = {
			isa = PBXGroup;
			children = (
				041D4B5A29CB800200C3F2BA /* Preview Assets.xcassets */,
			);
			path = "Preview Content";
			sourceTree = "<group>";
		};
		041D4B6429CB817C00C3F2BA /* Views */ = {
			isa = PBXGroup;
			children = (
				041D4B6529CB818F00C3F2BA /* ListView.swift */,
				041D4B6729CB844B00C3F2BA /* ListRowView.swift */,
				041D4B6929CB881D00C3F2BA /* AddView.swift */,
				043A8A4029CBCC7E003B2F5A /* NoItemsView.swift */,
				043A8A4429CBD60B003B2F5A /* LaunchScreen.storyboard */,
			);
			path = Views;
			sourceTree = "<group>";
		};
		041D4B6B29CB937C00C3F2BA /* Models */ = {
			isa = PBXGroup;
			children = (
				041D4B6C29CB93A200C3F2BA /* ItemModel.swift */,
			);
			path = Models;
			sourceTree = "<group>";
		};
		041D4B6E29CB9A1000C3F2BA /* ViewModels */ = {
			isa = PBXGroup;
			children = (
				041D4B6F29CB9A9600C3F2BA /* ListViewModel.swift */,
			);
			path = ViewModels;
			sourceTree = "<group>";
		};
/* End PBXGroup section */

/* Begin PBXNativeTarget section */
		041D4B4F29CB800100C3F2BA /* GoalGetter */ = {
			isa = PBXNativeTarget;
			buildConfigurationList = 041D4B5E29CB800200C3F2BA /* Build configuration list for PBXNativeTarget "GoalGetter" */;
			buildPhases = (
				041D4B4C29CB800100C3F2BA /* Sources */,
				041D4B4D29CB800100C3F2BA /* Frameworks */,
				041D4B4E29CB800100C3F2BA /* Resources */,
			);
			buildRules = (
			);
			dependencies = (
			);
			name = GoalGetter;
			productName = GoalGetter;
			productReference = 041D4B5029CB800100C3F2BA /* GoalGetter.app */;
			productType = "com.apple.product-type.application";
		};
/* End PBXNativeTarget section */

/* Begin PBXProject section */
		041D4B4829CB800100C3F2BA /* Project object */ = {
			isa = PBXProject;
			attributes = {
				BuildIndependentTargetsInParallel = 1;
				LastSwiftUpdateCheck = 1420;
				LastUpgradeCheck = 1420;
				TargetAttributes = {
					041D4B4F29CB800100C3F2BA = {
						CreatedOnToolsVersion = 14.2;
					};
				};
			};
			buildConfigurationList = 041D4B4B29CB800100C3F2BA /* Build configuration list for PBXProject "GoalGetter" */;
			compatibilityVersion = "Xcode 10.0";
			developmentRegion = en;
			hasScannedForEncodings = 0;
			knownRegions = (
				en,
				Base,
			);
			mainGroup = 041D4B4729CB800100C3F2BA;
			productRefGroup = 041D4B5129CB800100C3F2BA /* Products */;
			projectDirPath = "";
			projectRoot = "";
			targets = (
				041D4B4F29CB800100C3F2BA /* GoalGetter */,
			);
		};
/* End PBXProject section */

/* Begin PBXResourcesBuildPhase section */
		041D4B4E29CB800100C3F2BA /* Resources */ = {
			isa = PBXResourcesBuildPhase;
			buildActionMask = 2147483647;
			files = (
				043A8A4529CBD60B003B2F5A /* LaunchScreen.storyboard in Resources */,
				041D4B5B29CB800200C3F2BA /* Preview Assets.xcassets in Resources */,
				041D4B5829CB800200C3F2BA /* Assets.xcassets in Resources */,
			);
			runOnlyForDeploymentPostprocessing = 0;
		};
/* End PBXResourcesBuildPhase section */

/* Begin PBXSourcesBuildPhase section */
		041D4B4C29CB800100C3F2BA /* Sources */ = {
			isa = PBXSourcesBuildPhase;
			buildActionMask = 2147483647;
			files = (
				041D4B6D29CB93A200C3F2BA /* ItemModel.swift in Sources */,
				041D4B6A29CB881D00C3F2BA /* AddView.swift in Sources */,
				041D4B7029CB9A9600C3F2BA /* ListViewModel.swift in Sources */,
				041D4B6629CB818F00C3F2BA /* ListView.swift in Sources */,
				041D4B5429CB800100C3F2BA /* GoalGetterApp.swift in Sources */,
				043A8A4129CBCC7E003B2F5A /* NoItemsView.swift in Sources */,
				041D4B6829CB844B00C3F2BA /* ListRowView.swift in Sources */,
			);
			runOnlyForDeploymentPostprocessing = 0;
		};
/* End PBXSourcesBuildPhase section */

/* Begin XCBuildConfiguration section */
		041D4B5C29CB800200C3F2BA /* Debug */ = {
			isa = XCBuildConfiguration;
			buildSettings = {
				ALWAYS_SEARCH_USER_PATHS = NO;
				CLANG_ANALYZER_NONNULL = YES;
				CLANG_ANALYZER_NUMBER_OBJECT_CONVERSION = YES_AGGRESSIVE;
				CLANG_CXX_LANGUAGE_STANDARD = "gnu++20";
				CLANG_ENABLE_MODULES = YES;
				CLANG_ENABLE_OBJC_ARC = YES;
				CLANG_ENABLE_OBJC_WEAK = YES;
				CLANG_WARN_BLOCK_CAPTURE_AUTORELEASING = YES;
				CLANG_WARN_BOOL_CONVERSION = YES;
				CLANG_WARN_COMMA = YES;
				CLANG_WARN_CONSTANT_CONVERSION = YES;
				CLANG_WARN_DEPRECATED_OBJC_IMPLEMENTATIONS = YES;
				CLANG_WARN_DIRECT_OBJC_ISA_USAGE = YES_ERROR;
				CLANG_WARN_DOCUMENTATION_COMMENTS = YES;
				CLANG_WARN_EMPTY_BODY = YES;
				CLANG_WARN_ENUM_CONVERSION = YES;
				CLANG_WARN_INFINITE_RECURSION = YES;
				CLANG_WARN_INT_CONVERSION = YES;
				CLANG_WARN_NON_LITERAL_NULL_CONVERSION = YES;
				CLANG_WARN_OBJC_IMPLICIT_RETAIN_SELF = YES;
				CLANG_WARN_OBJC_LITERAL_CONVERSION = YES;
				CLANG_WARN_OBJC_ROOT_CLASS = YES_ERROR;
				CLANG_WARN_QUOTED_INCLUDE_IN_FRAMEWORK_HEADER = YES;
				CLANG_WARN_RANGE_LOOP_ANALYSIS = YES;
				CLANG_WARN_STRICT_PROTOTYPES = YES;
				CLANG_WARN_SUSPICIOUS_MOVE = YES;
				CLANG_WARN_UNGUARDED_AVAILABILITY = YES_AGGRESSIVE;
				CLANG_WARN_UNREACHABLE_CODE = YES;
				CLANG_WARN__DUPLICATE_METHOD_MATCH = YES;
				COPY_PHASE_STRIP = NO;
				DEBUG_INFORMATION_FORMAT = dwarf;
				ENABLE_STRICT_OBJC_MSGSEND = YES;
				ENABLE_TESTABILITY = YES;
				GCC_C_LANGUAGE_STANDARD = gnu11;
				GCC_DYNAMIC_NO_PIC = NO;
				GCC_NO_COMMON_BLOCKS = YES;
				GCC_OPTIMIZATION_LEVEL = 0;
				GCC_PREPROCESSOR_DEFINITIONS = (
					"DEBUG=1",
					"$(inherited)",
				);
				GCC_WARN_64_TO_32_BIT_CONVERSION = YES;
				GCC_WARN_ABOUT_RETURN_TYPE = YES_ERROR;
				GCC_WARN_UNDECLARED_SELECTOR = YES;
				GCC_WARN_UNINITIALIZED_AUTOS = YES_AGGRESSIVE;
				GCC_WARN_UNUSED_FUNCTION = YES;
				GCC_WARN_UNUSED_VARIABLE = YES;
				IPHONEOS_DEPLOYMENT_TARGET = 16.2;
				MTL_ENABLE_DEBUG_INFO = INCLUDE_SOURCE;
				MTL_FAST_MATH = YES;
				ONLY_ACTIVE_ARCH = YES;
				SDKROOT = iphoneos;
				SWIFT_ACTIVE_COMPILATION_CONDITIONS = DEBUG;
				SWIFT_OPTIMIZATION_LEVEL = "-Onone";
			};
			name = Debug;
		};
		041D4B5D29CB800200C3F2BA /* Release */ = {
			isa = XCBuildConfiguration;
			buildSettings = {
				ALWAYS_SEARCH_USER_PATHS = NO;
				CLANG_ANALYZER_NONNULL = YES;
				CLANG_ANALYZER_NUMBER_OBJECT_CONVERSION = YES_AGGRESSIVE;
				CLANG_CXX_LANGUAGE_STANDARD = "gnu++20";
				CLANG_ENABLE_MODULES = YES;
				CLANG_ENABLE_OBJC_ARC = YES;
				CLANG_ENABLE_OBJC_WEAK = YES;
				CLANG_WARN_BLOCK_CAPTURE_AUTORELEASING = YES;
				CLANG_WARN_BOOL_CONVERSION = YES;
				CLANG_WARN_COMMA = YES;
				CLANG_WARN_CONSTANT_CONVERSION = YES;
				CLANG_WARN_DEPRECATED_OBJC_IMPLEMENTATIONS = YES;
				CLANG_WARN_DIRECT_OBJC_ISA_USAGE = YES_ERROR;
				CLANG_WARN_DOCUMENTATION_COMMENTS = YES;
				CLANG_WARN_EMPTY_BODY = YES;
				CLANG_WARN_ENUM_CONVERSION = YES;
				CLANG_WARN_INFINITE_RECURSION = YES;
				CLANG_WARN_INT_CONVERSION = YES;
				CLANG_WARN_NON_LITERAL_NULL_CONVERSION = YES;
				CLANG_WARN_OBJC_IMPLICIT_RETAIN_SELF = YES;
				CLANG_WARN_OBJC_LITERAL_CONVERSION = YES;
				CLANG_WARN_OBJC_ROOT_CLASS = YES_ERROR;
				CLANG_WARN_QUOTED_INCLUDE_IN_FRAMEWORK_HEADER = YES;
				CLANG_WARN_RANGE_LOOP_ANALYSIS = YES;
				CLANG_WARN_STRICT_PROTOTYPES = YES;
				CLANG_WARN_SUSPICIOUS_MOVE = YES;
				CLANG_WARN_UNGUARDED_AVAILABILITY = YES_AGGRESSIVE;
				CLANG_WARN_UNREACHABLE_CODE = YES;
				CLANG_WARN__DUPLICATE_METHOD_MATCH = YES;
				COPY_PHASE_STRIP = NO;
				DEBUG_INFORMATION_FORMAT = "dwarf-with-dsym";
				ENABLE_NS_ASSERTIONS = NO;
				ENABLE_STRICT_OBJC_MSGSEND = YES;
				GCC_C_LANGUAGE_STANDARD = gnu11;
				GCC_NO_COMMON_BLOCKS = YES;
				GCC_WARN_64_TO_32_BIT_CONVERSION = YES;
				GCC_WARN_ABOUT_RETURN_TYPE = YES_ERROR;
				GCC_WARN_UNDECLARED_SELECTOR = YES;
				GCC_WARN_UNINITIALIZED_AUTOS = YES_AGGRESSIVE;
				GCC_WARN_UNUSED_FUNCTION = YES;
				GCC_WARN_UNUSED_VARIABLE = YES;
				IPHONEOS_DEPLOYMENT_TARGET = 16.2;
				MTL_ENABLE_DEBUG_INFO = NO;
				MTL_FAST_MATH = YES;
				SDKROOT = iphoneos;
				SWIFT_COMPILATION_MODE = wholemodule;
				SWIFT_OPTIMIZATION_LEVEL = "-O";
				VALIDATE_PRODUCT = YES;
			};
			name = Release;
		};
		041D4B5F29CB800200C3F2BA /* Debug */ = {
			isa = XCBuildConfiguration;
			buildSettings = {
				ASSETCATALOG_COMPILER_APPICON_NAME = AppIcon;
				ASSETCATALOG_COMPILER_GLOBAL_ACCENT_COLOR_NAME = AccentColor;
				CODE_SIGN_STYLE = Automatic;
				CURRENT_PROJECT_VERSION = 1;
				DEVELOPMENT_ASSET_PATHS = "\"GoalGetter/Preview Content\"";
				DEVELOPMENT_TEAM = P8229F2HDC;
				ENABLE_PREVIEWS = YES;
				GENERATE_INFOPLIST_FILE = YES;
				INFOPLIST_KEY_CFBundleDisplayName = "Goal Getter";
				INFOPLIST_KEY_UIApplicationSceneManifest_Generation = YES;
				INFOPLIST_KEY_UIApplicationSupportsIndirectInputEvents = YES;
				INFOPLIST_KEY_UILaunchScreen_Generation = YES;
				INFOPLIST_KEY_UILaunchStoryboardName = LaunchScreen.storyboard;
				INFOPLIST_KEY_UISupportedInterfaceOrientations_iPad = "UIInterfaceOrientationPortrait UIInterfaceOrientationPortraitUpsideDown UIInterfaceOrientationLandscapeLeft UIInterfaceOrientationLandscapeRight";
				INFOPLIST_KEY_UISupportedInterfaceOrientations_iPhone = "UIInterfaceOrientationPortrait UIInterfaceOrientationLandscapeLeft UIInterfaceOrientationLandscapeRight";
				LD_RUNPATH_SEARCH_PATHS = (
					"$(inherited)",
					"@executable_path/Frameworks",
				);
				MARKETING_VERSION = 1.0;
				PRODUCT_BUNDLE_IDENTIFIER = gbc.GoalGetter;
				PRODUCT_NAME = "$(TARGET_NAME)";
				SWIFT_EMIT_LOC_STRINGS = YES;
				SWIFT_VERSION = 5.0;
				TARGETED_DEVICE_FAMILY = "1,2";
			};
			name = Debug;
		};
		041D4B6029CB800200C3F2BA /* Release */ = {
			isa = XCBuildConfiguration;
			buildSettings = {
				ASSETCATALOG_COMPILER_APPICON_NAME = AppIcon;
				ASSETCATALOG_COMPILER_GLOBAL_ACCENT_COLOR_NAME = AccentColor;
				CODE_SIGN_STYLE = Automatic;
				CURRENT_PROJECT_VERSION = 1;
				DEVELOPMENT_ASSET_PATHS = "\"GoalGetter/Preview Content\"";
				DEVELOPMENT_TEAM = P8229F2HDC;
				ENABLE_PREVIEWS = YES;
				GENERATE_INFOPLIST_FILE = YES;
				INFOPLIST_KEY_CFBundleDisplayName = "Goal Getter";
				INFOPLIST_KEY_UIApplicationSceneManifest_Generation = YES;
				INFOPLIST_KEY_UIApplicationSupportsIndirectInputEvents = YES;
				INFOPLIST_KEY_UILaunchScreen_Generation = YES;
				INFOPLIST_KEY_UILaunchStoryboardName = LaunchScreen.storyboard;
				INFOPLIST_KEY_UISupportedInterfaceOrientations_iPad = "UIInterfaceOrientationPortrait UIInterfaceOrientationPortraitUpsideDown UIInterfaceOrientationLandscapeLeft UIInterfaceOrientationLandscapeRight";
				INFOPLIST_KEY_UISupportedInterfaceOrientations_iPhone = "UIInterfaceOrientationPortrait UIInterfaceOrientationLandscapeLeft UIInterfaceOrientationLandscapeRight";
				LD_RUNPATH_SEARCH_PATHS = (
					"$(inherited)",
					"@executable_path/Frameworks",
				);
				MARKETING_VERSION = 1.0;
				PRODUCT_BUNDLE_IDENTIFIER = gbc.GoalGetter;
				PRODUCT_NAME = "$(TARGET_NAME)";
				SWIFT_EMIT_LOC_STRINGS = YES;
				SWIFT_VERSION = 5.0;
				TARGETED_DEVICE_FAMILY = "1,2";
			};
			name = Release;
		};
/* End XCBuildConfiguration section */

/* Begin XCConfigurationList section */
		041D4B4B29CB800100C3F2BA /* Build configuration list for PBXProject "GoalGetter" */ = {
			isa = XCConfigurationList;
			buildConfigurations = (
				041D4B5C29CB800200C3F2BA /* Debug */,
				041D4B5D29CB800200C3F2BA /* Release */,
			);
			defaultConfigurationIsVisible = 0;
			defaultConfigurationName = Release;
		};
		041D4B5E29CB800200C3F2BA /* Build configuration list for PBXNativeTarget "GoalGetter" */ = {
			isa = XCConfigurationList;
			buildConfigurations = (
				041D4B5F29CB800200C3F2BA /* Debug */,
				041D4B6029CB800200C3F2BA /* Release */,
			);
			defaultConfigurationIsVisible = 0;
			defaultConfigurationName = Release;
		};
/* End XCConfigurationList section */
	};
	rootObject = 041D4B4829CB800100C3F2BA /* Project object */;
}
